// !$*UTF8*$!
{
	archiveVersion = 1;
	classes = {
	};
	objectVersion = 55;
	objects = {

/* Begin PBXBuildFile section */
		631687BF28F38F1F001DC286 /* UIColor+Ext.swift in Sources */ = {isa = PBXBuildFile; fileRef = 631687BE28F38F1F001DC286 /* UIColor+Ext.swift */; };
		631687C328F45BCD001DC286 /* EventsApp.xcdatamodeld in Sources */ = {isa = PBXBuildFile; fileRef = 631687C128F45BCC001DC286 /* EventsApp.xcdatamodeld */; };
		631687C828F45F27001DC286 /* CoreDataManager.swift in Sources */ = {isa = PBXBuildFile; fileRef = 631687C728F45F27001DC286 /* CoreDataManager.swift */; };
		6343D3052911C66A008DDAB7 /* TimeRemainingStackview.swift in Sources */ = {isa = PBXBuildFile; fileRef = 6343D3042911C66A008DDAB7 /* TimeRemainingStackview.swift */; };
		6343D3072911C7AA008DDAB7 /* TimeRemainingViewModel.swift in Sources */ = {isa = PBXBuildFile; fileRef = 6343D3062911C7AA008DDAB7 /* TimeRemainingViewModel.swift */; };
		635D90FB28F4DFF3009E6896 /* EventListViewModel.swift in Sources */ = {isa = PBXBuildFile; fileRef = 635D90FA28F4DFF3009E6896 /* EventListViewModel.swift */; };
		639DB35B29049DA600241946 /* ImagePickerCoordinator.swift in Sources */ = {isa = PBXBuildFile; fileRef = 639DB35A29049DA600241946 /* ImagePickerCoordinator.swift */; };
		639DB35D2905648F00241946 /* EventsCellBuilder.swift in Sources */ = {isa = PBXBuildFile; fileRef = 639DB35C2905648F00241946 /* EventsCellBuilder.swift */; };
		63A6735B28FD9D84008FA607 /* AddEventCoordinator.swift in Sources */ = {isa = PBXBuildFile; fileRef = 63A6735A28FD9D84008FA607 /* AddEventCoordinator.swift */; };
		63A6735D28FDA3A7008FA607 /* AddEventViewController.swift in Sources */ = {isa = PBXBuildFile; fileRef = 63A6735C28FDA3A7008FA607 /* AddEventViewController.swift */; };
		63A6735F28FDA49B008FA607 /* UIViewController+Ext.swift in Sources */ = {isa = PBXBuildFile; fileRef = 63A6735E28FDA49B008FA607 /* UIViewController+Ext.swift */; };
		63A6736128FDA617008FA607 /* AddEventViewModel.swift in Sources */ = {isa = PBXBuildFile; fileRef = 63A6736028FDA617008FA607 /* AddEventViewModel.swift */; };
		63A6736328FE02F5008FA607 /* TitleSubtitleCellViewModel.swift in Sources */ = {isa = PBXBuildFile; fileRef = 63A6736228FE02F5008FA607 /* TitleSubtitleCellViewModel.swift */; };
		63A6736528FE0370008FA607 /* TitleSubtitleCell.swift in Sources */ = {isa = PBXBuildFile; fileRef = 63A6736428FE0370008FA607 /* TitleSubtitleCell.swift */; };
		63C1056B287E1F94005E1ADD /* AppDelegate.swift in Sources */ = {isa = PBXBuildFile; fileRef = 63C1056A287E1F94005E1ADD /* AppDelegate.swift */; };
		63C10572287E1F94005E1ADD /* Main.storyboard in Resources */ = {isa = PBXBuildFile; fileRef = 63C10570287E1F94005E1ADD /* Main.storyboard */; };
		63C10574287E1F9A005E1ADD /* Assets.xcassets in Resources */ = {isa = PBXBuildFile; fileRef = 63C10573287E1F9A005E1ADD /* Assets.xcassets */; };
		63C10577287E1F9A005E1ADD /* LaunchScreen.storyboard in Resources */ = {isa = PBXBuildFile; fileRef = 63C10575287E1F9A005E1ADD /* LaunchScreen.storyboard */; };
		63C1057F287E282B005E1ADD /* AppCoordinator.swift in Sources */ = {isa = PBXBuildFile; fileRef = 63C1057E287E282B005E1ADD /* AppCoordinator.swift */; };
		63C10582287E2F5C005E1ADD /* EventListCoordinator.swift in Sources */ = {isa = PBXBuildFile; fileRef = 63C10581287E2F5C005E1ADD /* EventListCoordinator.swift */; };
		63C10584287E30A1005E1ADD /* EventListViewController.swift in Sources */ = {isa = PBXBuildFile; fileRef = 63C10583287E30A1005E1ADD /* EventListViewController.swift */; };
		63E8C4F6290873DA000A359A /* EventCellViewModel.swift in Sources */ = {isa = PBXBuildFile; fileRef = 63E8C4F5290873DA000A359A /* EventCellViewModel.swift */; };
		63E8C4F8290877C0000A359A /* EventCell.swift in Sources */ = {isa = PBXBuildFile; fileRef = 63E8C4F7290877C0000A359A /* EventCell.swift */; };
		63E8C4FA29087E16000A359A /* UIView+Ext.swift in Sources */ = {isa = PBXBuildFile; fileRef = 63E8C4F929087E16000A359A /* UIView+Ext.swift */; };
		63E8C4FC290C2CA6000A359A /* Date+Ext.swift in Sources */ = {isa = PBXBuildFile; fileRef = 63E8C4FB290C2CA5000A359A /* Date+Ext.swift */; };
		63E8C51E290D3996000A359A /* UIImage+Ext.swift in Sources */ = {isa = PBXBuildFile; fileRef = 63E8C51D290D3994000A359A /* UIImage+Ext.swift */; };
		63E8C520290D52EB000A359A /* EventDetailCoordinator.swift in Sources */ = {isa = PBXBuildFile; fileRef = 63E8C51F290D52EA000A359A /* EventDetailCoordinator.swift */; };
		63E8C522290D54A8000A359A /* EventDetailViewController.swift in Sources */ = {isa = PBXBuildFile; fileRef = 63E8C521290D54A8000A359A /* EventDetailViewController.swift */; };
		63E8C524290D57B8000A359A /* EventDetailViewModel.swift in Sources */ = {isa = PBXBuildFile; fileRef = 63E8C523290D57B8000A359A /* EventDetailViewModel.swift */; };
/* End PBXBuildFile section */

/* Begin PBXFileReference section */
		631687BE28F38F1F001DC286 /* UIColor+Ext.swift */ = {isa = PBXFileReference; lastKnownFileType = sourcecode.swift; path = "UIColor+Ext.swift"; sourceTree = "<group>"; };
		631687C228F45BCC001DC286 /* EventsApp.xcdatamodel */ = {isa = PBXFileReference; lastKnownFileType = wrapper.xcdatamodel; path = EventsApp.xcdatamodel; sourceTree = "<group>"; };
		631687C728F45F27001DC286 /* CoreDataManager.swift */ = {isa = PBXFileReference; lastKnownFileType = sourcecode.swift; path = CoreDataManager.swift; sourceTree = "<group>"; };
		6343D3042911C66A008DDAB7 /* TimeRemainingStackview.swift */ = {isa = PBXFileReference; lastKnownFileType = sourcecode.swift; path = TimeRemainingStackview.swift; sourceTree = "<group>"; };
		6343D3062911C7AA008DDAB7 /* TimeRemainingViewModel.swift */ = {isa = PBXFileReference; lastKnownFileType = sourcecode.swift; path = TimeRemainingViewModel.swift; sourceTree = "<group>"; };
		635D90FA28F4DFF3009E6896 /* EventListViewModel.swift */ = {isa = PBXFileReference; lastKnownFileType = sourcecode.swift; path = EventListViewModel.swift; sourceTree = "<group>"; };
		639DB35A29049DA600241946 /* ImagePickerCoordinator.swift */ = {isa = PBXFileReference; lastKnownFileType = sourcecode.swift; path = ImagePickerCoordinator.swift; sourceTree = "<group>"; };
		639DB35C2905648F00241946 /* EventsCellBuilder.swift */ = {isa = PBXFileReference; lastKnownFileType = sourcecode.swift; path = EventsCellBuilder.swift; sourceTree = "<group>"; };
		63A6735A28FD9D84008FA607 /* AddEventCoordinator.swift */ = {isa = PBXFileReference; lastKnownFileType = sourcecode.swift; path = AddEventCoordinator.swift; sourceTree = "<group>"; };
		63A6735C28FDA3A7008FA607 /* AddEventViewController.swift */ = {isa = PBXFileReference; lastKnownFileType = sourcecode.swift; path = AddEventViewController.swift; sourceTree = "<group>"; };
		63A6735E28FDA49B008FA607 /* UIViewController+Ext.swift */ = {isa = PBXFileReference; lastKnownFileType = sourcecode.swift; path = "UIViewController+Ext.swift"; sourceTree = "<group>"; };
		63A6736028FDA617008FA607 /* AddEventViewModel.swift */ = {isa = PBXFileReference; lastKnownFileType = sourcecode.swift; path = AddEventViewModel.swift; sourceTree = "<group>"; };
		63A6736228FE02F5008FA607 /* TitleSubtitleCellViewModel.swift */ = {isa = PBXFileReference; lastKnownFileType = sourcecode.swift; path = TitleSubtitleCellViewModel.swift; sourceTree = "<group>"; };
		63A6736428FE0370008FA607 /* TitleSubtitleCell.swift */ = {isa = PBXFileReference; lastKnownFileType = sourcecode.swift; path = TitleSubtitleCell.swift; sourceTree = "<group>"; };
		63C10567287E1F94005E1ADD /* MVVM+C_iOS_Project.app */ = {isa = PBXFileReference; explicitFileType = wrapper.application; includeInIndex = 0; path = "MVVM+C_iOS_Project.app"; sourceTree = BUILT_PRODUCTS_DIR; };
		63C1056A287E1F94005E1ADD /* AppDelegate.swift */ = {isa = PBXFileReference; lastKnownFileType = sourcecode.swift; path = AppDelegate.swift; sourceTree = "<group>"; };
		63C10571287E1F94005E1ADD /* Base */ = {isa = PBXFileReference; lastKnownFileType = file.storyboard; name = Base; path = Base.lproj/Main.storyboard; sourceTree = "<group>"; };
		63C10573287E1F9A005E1ADD /* Assets.xcassets */ = {isa = PBXFileReference; lastKnownFileType = folder.assetcatalog; path = Assets.xcassets; sourceTree = "<group>"; };
		63C10576287E1F9A005E1ADD /* Base */ = {isa = PBXFileReference; lastKnownFileType = file.storyboard; name = Base; path = Base.lproj/LaunchScreen.storyboard; sourceTree = "<group>"; };
		63C10578287E1F9A005E1ADD /* Info.plist */ = {isa = PBXFileReference; lastKnownFileType = text.plist.xml; path = Info.plist; sourceTree = "<group>"; };
		63C1057E287E282B005E1ADD /* AppCoordinator.swift */ = {isa = PBXFileReference; lastKnownFileType = sourcecode.swift; path = AppCoordinator.swift; sourceTree = "<group>"; };
		63C10581287E2F5C005E1ADD /* EventListCoordinator.swift */ = {isa = PBXFileReference; lastKnownFileType = sourcecode.swift; path = EventListCoordinator.swift; sourceTree = "<group>"; };
		63C10583287E30A1005E1ADD /* EventListViewController.swift */ = {isa = PBXFileReference; lastKnownFileType = sourcecode.swift; path = EventListViewController.swift; sourceTree = "<group>"; };
		63E8C4F5290873DA000A359A /* EventCellViewModel.swift */ = {isa = PBXFileReference; lastKnownFileType = sourcecode.swift; path = EventCellViewModel.swift; sourceTree = "<group>"; };
		63E8C4F7290877C0000A359A /* EventCell.swift */ = {isa = PBXFileReference; lastKnownFileType = sourcecode.swift; path = EventCell.swift; sourceTree = "<group>"; };
		63E8C4F929087E16000A359A /* UIView+Ext.swift */ = {isa = PBXFileReference; lastKnownFileType = sourcecode.swift; path = "UIView+Ext.swift"; sourceTree = "<group>"; };
		63E8C4FB290C2CA5000A359A /* Date+Ext.swift */ = {isa = PBXFileReference; lastKnownFileType = sourcecode.swift; path = "Date+Ext.swift"; sourceTree = "<group>"; };
		63E8C51D290D3994000A359A /* UIImage+Ext.swift */ = {isa = PBXFileReference; lastKnownFileType = sourcecode.swift; path = "UIImage+Ext.swift"; sourceTree = "<group>"; };
		63E8C51F290D52EA000A359A /* EventDetailCoordinator.swift */ = {isa = PBXFileReference; lastKnownFileType = sourcecode.swift; path = EventDetailCoordinator.swift; sourceTree = "<group>"; };
		63E8C521290D54A8000A359A /* EventDetailViewController.swift */ = {isa = PBXFileReference; lastKnownFileType = sourcecode.swift; path = EventDetailViewController.swift; sourceTree = "<group>"; };
		63E8C523290D57B8000A359A /* EventDetailViewModel.swift */ = {isa = PBXFileReference; lastKnownFileType = sourcecode.swift; path = EventDetailViewModel.swift; sourceTree = "<group>"; };
/* End PBXFileReference section */

/* Begin PBXFrameworksBuildPhase section */
		63C10564287E1F94005E1ADD /* Frameworks */ = {
			isa = PBXFrameworksBuildPhase;
			buildActionMask = 2147483647;
			files = (
			);
			runOnlyForDeploymentPostprocessing = 0;
		};
/* End PBXFrameworksBuildPhase section */

/* Begin PBXGroup section */
		631687C028F38F27001DC286 /* Extensions */ = {
			isa = PBXGroup;
			children = (
				631687BE28F38F1F001DC286 /* UIColor+Ext.swift */,
				63A6735E28FDA49B008FA607 /* UIViewController+Ext.swift */,
				63E8C4F929087E16000A359A /* UIView+Ext.swift */,
				63E8C4FB290C2CA5000A359A /* Date+Ext.swift */,
				63E8C51D290D3994000A359A /* UIImage+Ext.swift */,
			);
			path = Extensions;
			sourceTree = "<group>";
		};
		631687C428F45BF8001DC286 /* Storyboards */ = {
			isa = PBXGroup;
			children = (
				63C10570287E1F94005E1ADD /* Main.storyboard */,
				63C10575287E1F9A005E1ADD /* LaunchScreen.storyboard */,
			);
			path = Storyboards;
			sourceTree = "<group>";
		};
		631687C528F45C21001DC286 /* Coordinators */ = {
			isa = PBXGroup;
			children = (
				63C10581287E2F5C005E1ADD /* EventListCoordinator.swift */,
				63A6735A28FD9D84008FA607 /* AddEventCoordinator.swift */,
				639DB35A29049DA600241946 /* ImagePickerCoordinator.swift */,
				63E8C51F290D52EA000A359A /* EventDetailCoordinator.swift */,
			);
			path = Coordinators;
			sourceTree = "<group>";
		};
		631687C628F45C2C001DC286 /* Controllers */ = {
			isa = PBXGroup;
			children = (
				63C10583287E30A1005E1ADD /* EventListViewController.swift */,
				63A6735C28FDA3A7008FA607 /* AddEventViewController.swift */,
				63E8C521290D54A8000A359A /* EventDetailViewController.swift */,
			);
			path = Controllers;
			sourceTree = "<group>";
		};
		631687CB28F47E66001DC286 /* Resources */ = {
			isa = PBXGroup;
			children = (
				63C10573287E1F9A005E1ADD /* Assets.xcassets */,
			);
			path = Resources;
			sourceTree = "<group>";
		};
		631687CC28F47ECC001DC286 /* Core Data */ = {
			isa = PBXGroup;
			children = (
				631687C728F45F27001DC286 /* CoreDataManager.swift */,
				631687C128F45BCC001DC286 /* EventsApp.xcdatamodeld */,
			);
			path = "Core Data";
			sourceTree = "<group>";
		};
		635D90FC28F4E002009E6896 /* View Models */ = {
			isa = PBXGroup;
			children = (
				635D90FA28F4DFF3009E6896 /* EventListViewModel.swift */,
				63A6736028FDA617008FA607 /* AddEventViewModel.swift */,
				63A6736228FE02F5008FA607 /* TitleSubtitleCellViewModel.swift */,
				63E8C4F5290873DA000A359A /* EventCellViewModel.swift */,
				63E8C523290D57B8000A359A /* EventDetailViewModel.swift */,
				6343D3062911C7AA008DDAB7 /* TimeRemainingViewModel.swift */,
			);
			path = "View Models";
			sourceTree = "<group>";
		};
		639DB35E2905649700241946 /* Helpers */ = {
			isa = PBXGroup;
			children = (
				639DB35C2905648F00241946 /* EventsCellBuilder.swift */,
			);
			path = Helpers;
			sourceTree = "<group>";
		};
		63A6736628FE03D0008FA607 /* Views */ = {
			isa = PBXGroup;
			children = (
				63A6736428FE0370008FA607 /* TitleSubtitleCell.swift */,
				63E8C4F7290877C0000A359A /* EventCell.swift */,
				6343D3042911C66A008DDAB7 /* TimeRemainingStackview.swift */,
			);
			path = Views;
			sourceTree = "<group>";
		};
		63C1055E287E1F93005E1ADD = {
			isa = PBXGroup;
			children = (
				63C10569287E1F94005E1ADD /* MVVM+C_iOS_Project */,
				63C10568287E1F94005E1ADD /* Products */,
			);
			sourceTree = "<group>";
		};
		63C10568287E1F94005E1ADD /* Products */ = {
			isa = PBXGroup;
			children = (
				63C10567287E1F94005E1ADD /* MVVM+C_iOS_Project.app */,
			);
			name = Products;
			sourceTree = "<group>";
		};
		63C10569287E1F94005E1ADD /* MVVM+C_iOS_Project */ = {
			isa = PBXGroup;
			children = (
				63C10578287E1F9A005E1ADD /* Info.plist */,
				63C10580287E2C15005E1ADD /* App Level */,
				631687CC28F47ECC001DC286 /* Core Data */,
				63A6736628FE03D0008FA607 /* Views */,
				631687C628F45C2C001DC286 /* Controllers */,
				631687C528F45C21001DC286 /* Coordinators */,
				635D90FC28F4E002009E6896 /* View Models */,
				631687C028F38F27001DC286 /* Extensions */,
				639DB35E2905649700241946 /* Helpers */,
				631687CB28F47E66001DC286 /* Resources */,
				631687C428F45BF8001DC286 /* Storyboards */,
			);
			path = "MVVM+C_iOS_Project";
			sourceTree = "<group>";
		};
		63C10580287E2C15005E1ADD /* App Level */ = {
			isa = PBXGroup;
			children = (
				63C1056A287E1F94005E1ADD /* AppDelegate.swift */,
				63C1057E287E282B005E1ADD /* AppCoordinator.swift */,
			);
			path = "App Level";
			sourceTree = "<group>";
		};
/* End PBXGroup section */

/* Begin PBXNativeTarget section */
		63C10566287E1F94005E1ADD /* MVVM+C_iOS_Project */ = {
			isa = PBXNativeTarget;
			buildConfigurationList = 63C1057B287E1F9A005E1ADD /* Build configuration list for PBXNativeTarget "MVVM+C_iOS_Project" */;
			buildPhases = (
				63C10563287E1F94005E1ADD /* Sources */,
				63C10564287E1F94005E1ADD /* Frameworks */,
				63C10565287E1F94005E1ADD /* Resources */,
			);
			buildRules = (
			);
			dependencies = (
			);
			name = "MVVM+C_iOS_Project";
			productName = "MVVM+C_iOS_Project";
			productReference = 63C10567287E1F94005E1ADD /* MVVM+C_iOS_Project.app */;
			productType = "com.apple.product-type.application";
		};
/* End PBXNativeTarget section */

/* Begin PBXProject section */
		63C1055F287E1F93005E1ADD /* Project object */ = {
			isa = PBXProject;
			attributes = {
				BuildIndependentTargetsInParallel = 1;
				LastSwiftUpdateCheck = 1320;
				LastUpgradeCheck = 1320;
				TargetAttributes = {
					63C10566287E1F94005E1ADD = {
						CreatedOnToolsVersion = 13.2.1;
					};
				};
			};
			buildConfigurationList = 63C10562287E1F94005E1ADD /* Build configuration list for PBXProject "MVVM+C_iOS_Project" */;
			compatibilityVersion = "Xcode 13.0";
			developmentRegion = en;
			hasScannedForEncodings = 0;
			knownRegions = (
				en,
				Base,
			);
			mainGroup = 63C1055E287E1F93005E1ADD;
			productRefGroup = 63C10568287E1F94005E1ADD /* Products */;
			projectDirPath = "";
			projectRoot = "";
			targets = (
				63C10566287E1F94005E1ADD /* MVVM+C_iOS_Project */,
			);
		};
/* End PBXProject section */

/* Begin PBXResourcesBuildPhase section */
		63C10565287E1F94005E1ADD /* Resources */ = {
			isa = PBXResourcesBuildPhase;
			buildActionMask = 2147483647;
			files = (
				63C10577287E1F9A005E1ADD /* LaunchScreen.storyboard in Resources */,
				63C10574287E1F9A005E1ADD /* Assets.xcassets in Resources */,
				63C10572287E1F94005E1ADD /* Main.storyboard in Resources */,
			);
			runOnlyForDeploymentPostprocessing = 0;
		};
/* End PBXResourcesBuildPhase section */

/* Begin PBXSourcesBuildPhase section */
		63C10563287E1F94005E1ADD /* Sources */ = {
			isa = PBXSourcesBuildPhase;
			buildActionMask = 2147483647;
			files = (
				63E8C51E290D3996000A359A /* UIImage+Ext.swift in Sources */,
				63A6736528FE0370008FA607 /* TitleSubtitleCell.swift in Sources */,
				63E8C4F6290873DA000A359A /* EventCellViewModel.swift in Sources */,
				63C1057F287E282B005E1ADD /* AppCoordinator.swift in Sources */,
				63A6735D28FDA3A7008FA607 /* AddEventViewController.swift in Sources */,
				63C10584287E30A1005E1ADD /* EventListViewController.swift in Sources */,
				63A6735F28FDA49B008FA607 /* UIViewController+Ext.swift in Sources */,
				63E8C4FA29087E16000A359A /* UIView+Ext.swift in Sources */,
				6343D3072911C7AA008DDAB7 /* TimeRemainingViewModel.swift in Sources */,
				63E8C520290D52EB000A359A /* EventDetailCoordinator.swift in Sources */,
				63A6735B28FD9D84008FA607 /* AddEventCoordinator.swift in Sources */,
				63A6736128FDA617008FA607 /* AddEventViewModel.swift in Sources */,
				631687BF28F38F1F001DC286 /* UIColor+Ext.swift in Sources */,
				63C1056B287E1F94005E1ADD /* AppDelegate.swift in Sources */,
				63E8C522290D54A8000A359A /* EventDetailViewController.swift in Sources */,
				63E8C524290D57B8000A359A /* EventDetailViewModel.swift in Sources */,
				6343D3052911C66A008DDAB7 /* TimeRemainingStackview.swift in Sources */,
				63E8C4F8290877C0000A359A /* EventCell.swift in Sources */,
				631687C328F45BCD001DC286 /* EventsApp.xcdatamodeld in Sources */,
				635D90FB28F4DFF3009E6896 /* EventListViewModel.swift in Sources */,
				631687C828F45F27001DC286 /* CoreDataManager.swift in Sources */,
				63C10582287E2F5C005E1ADD /* EventListCoordinator.swift in Sources */,
				63A6736328FE02F5008FA607 /* TitleSubtitleCellViewModel.swift in Sources */,
				639DB35D2905648F00241946 /* EventsCellBuilder.swift in Sources */,
				639DB35B29049DA600241946 /* ImagePickerCoordinator.swift in Sources */,
				63E8C4FC290C2CA6000A359A /* Date+Ext.swift in Sources */,
			);
			runOnlyForDeploymentPostprocessing = 0;
		};
/* End PBXSourcesBuildPhase section */

/* Begin PBXVariantGroup section */
		63C10570287E1F94005E1ADD /* Main.storyboard */ = {
			isa = PBXVariantGroup;
			children = (
				63C10571287E1F94005E1ADD /* Base */,
			);
			name = Main.storyboard;
			sourceTree = "<group>";
		};
		63C10575287E1F9A005E1ADD /* LaunchScreen.storyboard */ = {
			isa = PBXVariantGroup;
			children = (
				63C10576287E1F9A005E1ADD /* Base */,
			);
			name = LaunchScreen.storyboard;
			sourceTree = "<group>";
		};
/* End PBXVariantGroup section */

/* Begin XCBuildConfiguration section */
		63C10579287E1F9A005E1ADD /* Debug */ = {
			isa = XCBuildConfiguration;
			buildSettings = {
				ALWAYS_SEARCH_USER_PATHS = NO;
				CLANG_ANALYZER_NONNULL = YES;
				CLANG_ANALYZER_NUMBER_OBJECT_CONVERSION = YES_AGGRESSIVE;
				CLANG_CXX_LANGUAGE_STANDARD = "gnu++17";
				CLANG_CXX_LIBRARY = "libc++";
				CLANG_ENABLE_MODULES = YES;
				CLANG_ENABLE_OBJC_ARC = YES;
				CLANG_ENABLE_OBJC_WEAK = YES;
				CLANG_WARN_BLOCK_CAPTURE_AUTORELEASING = YES;
				CLANG_WARN_BOOL_CONVERSION = YES;
				CLANG_WARN_COMMA = YES;
				CLANG_WARN_CONSTANT_CONVERSION = YES;
				CLANG_WARN_DEPRECATED_OBJC_IMPLEMENTATIONS = YES;
				CLANG_WARN_DIRECT_OBJC_ISA_USAGE = YES_ERROR;
				CLANG_WARN_DOCUMENTATION_COMMENTS = YES;
				CLANG_WARN_EMPTY_BODY = YES;
				CLANG_WARN_ENUM_CONVERSION = YES;
				CLANG_WARN_INFINITE_RECURSION = YES;
				CLANG_WARN_INT_CONVERSION = YES;
				CLANG_WARN_NON_LITERAL_NULL_CONVERSION = YES;
				CLANG_WARN_OBJC_IMPLICIT_RETAIN_SELF = YES;
				CLANG_WARN_OBJC_LITERAL_CONVERSION = YES;
				CLANG_WARN_OBJC_ROOT_CLASS = YES_ERROR;
				CLANG_WARN_QUOTED_INCLUDE_IN_FRAMEWORK_HEADER = YES;
				CLANG_WARN_RANGE_LOOP_ANALYSIS = YES;
				CLANG_WARN_STRICT_PROTOTYPES = YES;
				CLANG_WARN_SUSPICIOUS_MOVE = YES;
				CLANG_WARN_UNGUARDED_AVAILABILITY = YES_AGGRESSIVE;
				CLANG_WARN_UNREACHABLE_CODE = YES;
				CLANG_WARN__DUPLICATE_METHOD_MATCH = YES;
				COPY_PHASE_STRIP = NO;
				DEBUG_INFORMATION_FORMAT = dwarf;
				ENABLE_STRICT_OBJC_MSGSEND = YES;
				ENABLE_TESTABILITY = YES;
				GCC_C_LANGUAGE_STANDARD = gnu11;
				GCC_DYNAMIC_NO_PIC = NO;
				GCC_NO_COMMON_BLOCKS = YES;
				GCC_OPTIMIZATION_LEVEL = 0;
				GCC_PREPROCESSOR_DEFINITIONS = (
					"DEBUG=1",
					"$(inherited)",
				);
				GCC_WARN_64_TO_32_BIT_CONVERSION = YES;
				GCC_WARN_ABOUT_RETURN_TYPE = YES_ERROR;
				GCC_WARN_UNDECLARED_SELECTOR = YES;
				GCC_WARN_UNINITIALIZED_AUTOS = YES_AGGRESSIVE;
				GCC_WARN_UNUSED_FUNCTION = YES;
				GCC_WARN_UNUSED_VARIABLE = YES;
				IPHONEOS_DEPLOYMENT_TARGET = 15.2;
				MTL_ENABLE_DEBUG_INFO = INCLUDE_SOURCE;
				MTL_FAST_MATH = YES;
				ONLY_ACTIVE_ARCH = YES;
				SDKROOT = iphoneos;
				SWIFT_ACTIVE_COMPILATION_CONDITIONS = DEBUG;
				SWIFT_OPTIMIZATION_LEVEL = "-Onone";
			};
			name = Debug;
		};
		63C1057A287E1F9A005E1ADD /* Release */ = {
			isa = XCBuildConfiguration;
			buildSettings = {
				ALWAYS_SEARCH_USER_PATHS = NO;
				CLANG_ANALYZER_NONNULL = YES;
				CLANG_ANALYZER_NUMBER_OBJECT_CONVERSION = YES_AGGRESSIVE;
				CLANG_CXX_LANGUAGE_STANDARD = "gnu++17";
				CLANG_CXX_LIBRARY = "libc++";
				CLANG_ENABLE_MODULES = YES;
				CLANG_ENABLE_OBJC_ARC = YES;
				CLANG_ENABLE_OBJC_WEAK = YES;
				CLANG_WARN_BLOCK_CAPTURE_AUTORELEASING = YES;
				CLANG_WARN_BOOL_CONVERSION = YES;
				CLANG_WARN_COMMA = YES;
				CLANG_WARN_CONSTANT_CONVERSION = YES;
				CLANG_WARN_DEPRECATED_OBJC_IMPLEMENTATIONS = YES;
				CLANG_WARN_DIRECT_OBJC_ISA_USAGE = YES_ERROR;
				CLANG_WARN_DOCUMENTATION_COMMENTS = YES;
				CLANG_WARN_EMPTY_BODY = YES;
				CLANG_WARN_ENUM_CONVERSION = YES;
				CLANG_WARN_INFINITE_RECURSION = YES;
				CLANG_WARN_INT_CONVERSION = YES;
				CLANG_WARN_NON_LITERAL_NULL_CONVERSION = YES;
				CLANG_WARN_OBJC_IMPLICIT_RETAIN_SELF = YES;
				CLANG_WARN_OBJC_LITERAL_CONVERSION = YES;
				CLANG_WARN_OBJC_ROOT_CLASS = YES_ERROR;
				CLANG_WARN_QUOTED_INCLUDE_IN_FRAMEWORK_HEADER = YES;
				CLANG_WARN_RANGE_LOOP_ANALYSIS = YES;
				CLANG_WARN_STRICT_PROTOTYPES = YES;
				CLANG_WARN_SUSPICIOUS_MOVE = YES;
				CLANG_WARN_UNGUARDED_AVAILABILITY = YES_AGGRESSIVE;
				CLANG_WARN_UNREACHABLE_CODE = YES;
				CLANG_WARN__DUPLICATE_METHOD_MATCH = YES;
				COPY_PHASE_STRIP = NO;
				DEBUG_INFORMATION_FORMAT = "dwarf-with-dsym";
				ENABLE_NS_ASSERTIONS = NO;
				ENABLE_STRICT_OBJC_MSGSEND = YES;
				GCC_C_LANGUAGE_STANDARD = gnu11;
				GCC_NO_COMMON_BLOCKS = YES;
				GCC_WARN_64_TO_32_BIT_CONVERSION = YES;
				GCC_WARN_ABOUT_RETURN_TYPE = YES_ERROR;
				GCC_WARN_UNDECLARED_SELECTOR = YES;
				GCC_WARN_UNINITIALIZED_AUTOS = YES_AGGRESSIVE;
				GCC_WARN_UNUSED_FUNCTION = YES;
				GCC_WARN_UNUSED_VARIABLE = YES;
				IPHONEOS_DEPLOYMENT_TARGET = 15.2;
				MTL_ENABLE_DEBUG_INFO = NO;
				MTL_FAST_MATH = YES;
				SDKROOT = iphoneos;
				SWIFT_COMPILATION_MODE = wholemodule;
				SWIFT_OPTIMIZATION_LEVEL = "-O";
				VALIDATE_PRODUCT = YES;
			};
			name = Release;
		};
		63C1057C287E1F9A005E1ADD /* Debug */ = {
			isa = XCBuildConfiguration;
			buildSettings = {
				ASSETCATALOG_COMPILER_APPICON_NAME = AppIcon;
				ASSETCATALOG_COMPILER_GLOBAL_ACCENT_COLOR_NAME = AccentColor;
				CODE_SIGN_STYLE = Automatic;
				CURRENT_PROJECT_VERSION = 1;
				DEVELOPMENT_TEAM = K7P4RU7LF4;
				GENERATE_INFOPLIST_FILE = YES;
				INFOPLIST_FILE = "MVVM+C_iOS_Project/Info.plist";
				INFOPLIST_KEY_UIApplicationSupportsIndirectInputEvents = YES;
				INFOPLIST_KEY_UILaunchStoryboardName = LaunchScreen;
				INFOPLIST_KEY_UIMainStoryboardFile = Main;
				INFOPLIST_KEY_UISupportedInterfaceOrientations = UIInterfaceOrientationPortrait;
				INFOPLIST_KEY_UISupportedInterfaceOrientations_iPhone = UIInterfaceOrientationPortrait;
				IPHONEOS_DEPLOYMENT_TARGET = 13.0;
				LD_RUNPATH_SEARCH_PATHS = (
					"$(inherited)",
					"@executable_path/Frameworks",
				);
				MARKETING_VERSION = 1.0;
				PRODUCT_BUNDLE_IDENTIFIER = "net.paulmax.mvvm-c-ios-project.MVVM-C-iOS-Project";
				PRODUCT_NAME = "$(TARGET_NAME)";
				SWIFT_EMIT_LOC_STRINGS = YES;
				SWIFT_VERSION = 5.0;
				TARGETED_DEVICE_FAMILY = 1;
			};
			name = Debug;
		};
		63C1057D287E1F9A005E1ADD /* Release */ = {
			isa = XCBuildConfiguration;
			buildSettings = {
				ASSETCATALOG_COMPILER_APPICON_NAME = AppIcon;
				ASSETCATALOG_COMPILER_GLOBAL_ACCENT_COLOR_NAME = AccentColor;
				CODE_SIGN_STYLE = Automatic;
				CURRENT_PROJECT_VERSION = 1;
				DEVELOPMENT_TEAM = K7P4RU7LF4;
				GENERATE_INFOPLIST_FILE = YES;
				INFOPLIST_FILE = "MVVM+C_iOS_Project/Info.plist";
				INFOPLIST_KEY_UIApplicationSupportsIndirectInputEvents = YES;
				INFOPLIST_KEY_UILaunchStoryboardName = LaunchScreen;
				INFOPLIST_KEY_UIMainStoryboardFile = Main;
				INFOPLIST_KEY_UISupportedInterfaceOrientations = UIInterfaceOrientationPortrait;
				INFOPLIST_KEY_UISupportedInterfaceOrientations_iPhone = UIInterfaceOrientationPortrait;
				IPHONEOS_DEPLOYMENT_TARGET = 13.0;
				LD_RUNPATH_SEARCH_PATHS = (
					"$(inherited)",
					"@executable_path/Frameworks",
				);
				MARKETING_VERSION = 1.0;
				PRODUCT_BUNDLE_IDENTIFIER = "net.paulmax.mvvm-c-ios-project.MVVM-C-iOS-Project";
				PRODUCT_NAME = "$(TARGET_NAME)";
				SWIFT_EMIT_LOC_STRINGS = YES;
				SWIFT_VERSION = 5.0;
				TARGETED_DEVICE_FAMILY = 1;
			};
			name = Release;
		};
/* End XCBuildConfiguration section */

/* Begin XCConfigurationList section */
		63C10562287E1F94005E1ADD /* Build configuration list for PBXProject "MVVM+C_iOS_Project" */ = {
			isa = XCConfigurationList;
			buildConfigurations = (
				63C10579287E1F9A005E1ADD /* Debug */,
				63C1057A287E1F9A005E1ADD /* Release */,
			);
			defaultConfigurationIsVisible = 0;
			defaultConfigurationName = Release;
		};
		63C1057B287E1F9A005E1ADD /* Build configuration list for PBXNativeTarget "MVVM+C_iOS_Project" */ = {
			isa = XCConfigurationList;
			buildConfigurations = (
				63C1057C287E1F9A005E1ADD /* Debug */,
				63C1057D287E1F9A005E1ADD /* Release */,
			);
			defaultConfigurationIsVisible = 0;
			defaultConfigurationName = Release;
		};
/* End XCConfigurationList section */

/* Begin XCVersionGroup section */
		631687C128F45BCC001DC286 /* EventsApp.xcdatamodeld */ = {
			isa = XCVersionGroup;
			children = (
				631687C228F45BCC001DC286 /* EventsApp.xcdatamodel */,
			);
			currentVersion = 631687C228F45BCC001DC286 /* EventsApp.xcdatamodel */;
			path = EventsApp.xcdatamodeld;
			sourceTree = "<group>";
			versionGroupType = wrapper.xcdatamodel;
		};
/* End XCVersionGroup section */
	};
	rootObject = 63C1055F287E1F93005E1ADD /* Project object */;
}
